
Microsoft Visual Studio Solution File, Format Version 12.00
# Visual Studio Version 16
VisualStudioVersion = 16.0.31729.503
MinimumVisualStudioVersion = 10.0.40219.1
Project("{FAE04EC0-301F-11D3-BF4B-00C04F79EFBC}") = "SimpleNPolygonAreaCalculator", "SimpleNPolygonAreaCalculator.csproj", "{3EB30857-6EBA-48FD-974A-4B153F9F510E}"
EndProject
Global
	GlobalSection(SolutionConfigurationPlatforms) = preSolution
		Debug|Any CPU = Debug|Any CPU
		Release|Any CPU = Release|Any CPU
	EndGlobalSection
	GlobalSection(ProjectConfigurationPlatforms) = postSolution
		{3EB30857-6EBA-48FD-974A-4B153F9F510E}.Debug|Any CPU.ActiveCfg = Debug|Any CPU
		{3EB30857-6EBA-48FD-974A-4B153F9F510E}.Debug|Any CPU.Build.0 = Debug|Any CPU
		{3EB30857-6EBA-48FD-974A-4B153F9F510E}.Release|Any CPU.ActiveCfg = Release|Any CPU
		{3EB30857-6EBA-48FD-974A-4B153F9F510E}.Release|Any CPU.Build.0 = Release|Any CPU
	EndGlobalSection
	GlobalSection(SolutionProperties) = preSolution
		HideSolutionNode = FALSE
	EndGlobalSection
	GlobalSection(ExtensibilityGlobals) = postSolution
		SolutionGuid = {7718F146-02C1-41E0-854F-3268F45AEC9A}
	EndGlobalSection
EndGlobal
